
Microsoft Visual Studio Solution File, Format Version 12.00
# Visual Studio Express 2013 for Windows Desktop
VisualStudioVersion = 12.0.21005.1
MinimumVisualStudioVersion = 10.0.40219.1
Project("{8BC9CEB8-8B4A-11D0-8D11-00A0C91BC942}") = "SeismicDuck-SDL", "SeismicDuck-SDL.vcxproj", "{CC0EFFD8-3CD5-44F5-A10D-B728CF2A8420}"
EndProject
Global
	GlobalSection(SolutionConfigurationPlatforms) = preSolution
		Debug|Win32 = Debug|Win32
		Full Release|Win32 = Full Release|Win32
		Release|Win32 = Release|Win32
	EndGlobalSection
	GlobalSection(ProjectConfigurationPlatforms) = postSolution
		{CC0EFFD8-3CD5-44F5-A10D-B728CF2A8420}.Debug|Win32.ActiveCfg = Debug|Win32
		{CC0EFFD8-3CD5-44F5-A10D-B728CF2A8420}.Debug|Win32.Build.0 = Debug|Win32
		{CC0EFFD8-3CD5-44F5-A10D-B728CF2A8420}.Full Release|Win32.ActiveCfg = Full Release|Win32
		{CC0EFFD8-3CD5-44F5-A10D-B728CF2A8420}.Full Release|Win32.Build.0 = Full Release|Win32
		{CC0EFFD8-3CD5-44F5-A10D-B728CF2A8420}.Release|Win32.ActiveCfg = Release|Win32
		{CC0EFFD8-3CD5-44F5-A10D-B728CF2A8420}.Release|Win32.Build.0 = Release|Win32
	EndGlobalSection
	GlobalSection(SolutionProperties) = preSolution
		HideSolutionNode = FALSE
	EndGlobalSection
EndGlobal
